// !$*UTF8*$!
{
	archiveVersion = 1;
	classes = {
	};
	objectVersion = 56;
	objects = {

/* Begin PBXBuildFile section */
		481184662BF1E81700E3E298 /* AlertService.swift in Sources */ = {isa = PBXBuildFile; fileRef = 481184652BF1E81700E3E298 /* AlertService.swift */; };
		481184692BF29D5600E3E298 /* Kingfisher in Frameworks */ = {isa = PBXBuildFile; productRef = 481184682BF29D5600E3E298 /* Kingfisher */; };
		4814B92B2AF4414E007B6C90 /* AppDelegate.swift in Sources */ = {isa = PBXBuildFile; fileRef = 4814B92A2AF4414E007B6C90 /* AppDelegate.swift */; };
		4814B92D2AF4414E007B6C90 /* SceneDelegate.swift in Sources */ = {isa = PBXBuildFile; fileRef = 4814B92C2AF4414E007B6C90 /* SceneDelegate.swift */; };
		4814B92F2AF4414E007B6C90 /* ImagesListViewController.swift in Sources */ = {isa = PBXBuildFile; fileRef = 4814B92E2AF4414E007B6C90 /* ImagesListViewController.swift */; };
		4814B9322AF4414E007B6C90 /* Main.storyboard in Resources */ = {isa = PBXBuildFile; fileRef = 4814B9302AF4414E007B6C90 /* Main.storyboard */; };
		4814B9342AF4414F007B6C90 /* Assets.xcassets in Resources */ = {isa = PBXBuildFile; fileRef = 4814B9332AF4414F007B6C90 /* Assets.xcassets */; };
		4814B9372AF4414F007B6C90 /* LaunchScreen.storyboard in Resources */ = {isa = PBXBuildFile; fileRef = 4814B9352AF4414F007B6C90 /* LaunchScreen.storyboard */; };
		48175B542B71872400440CDE /* ProfileImageService.swift in Sources */ = {isa = PBXBuildFile; fileRef = 48175B532B71872400440CDE /* ProfileImageService.swift */; };
		481E7EC42B08DB7B008257A8 /* ProfileViewController.swift in Sources */ = {isa = PBXBuildFile; fileRef = 481E7EC32B08DB7B008257A8 /* ProfileViewController.swift */; };
		485C72A52B0900D100CB5044 /* SF-Pro.ttf in Resources */ = {isa = PBXBuildFile; fileRef = 485C72A42B0900D100CB5044 /* SF-Pro.ttf */; };
		4860CD032C0535F6002B3739 /* WebViewPresenter.swift in Sources */ = {isa = PBXBuildFile; fileRef = 4860CD022C0535F6002B3739 /* WebViewPresenter.swift */; };
		4860CD052C053AE4002B3739 /* AuthHelperProtocol.swift in Sources */ = {isa = PBXBuildFile; fileRef = 4860CD042C053AE4002B3739 /* AuthHelperProtocol.swift */; };
		4860CD072C053B3F002B3739 /* AuthConfiguration.swift in Sources */ = {isa = PBXBuildFile; fileRef = 4860CD062C053B3F002B3739 /* AuthConfiguration.swift */; };
		4860CD092C067978002B3739 /* AuthPresenter.swift in Sources */ = {isa = PBXBuildFile; fileRef = 4860CD082C067978002B3739 /* AuthPresenter.swift */; };
		4860CD0B2C067A02002B3739 /* AuthScreenModel.swift in Sources */ = {isa = PBXBuildFile; fileRef = 4860CD0A2C067A02002B3739 /* AuthScreenModel.swift */; };
		4860CD132C067D2C002B3739 /* WebViewTests.swift in Sources */ = {isa = PBXBuildFile; fileRef = 4860CD122C067D2C002B3739 /* WebViewTests.swift */; };
		4860CD1C2C067F6A002B3739 /* WebViewPresenterSpy.swift in Sources */ = {isa = PBXBuildFile; fileRef = 4860CD192C067E62002B3739 /* WebViewPresenterSpy.swift */; };
		4860CD1F2C06800D002B3739 /* WebViewViewControllerSpy.swift in Sources */ = {isa = PBXBuildFile; fileRef = 4860CD1E2C06800D002B3739 /* WebViewViewControllerSpy.swift */; };
		4860CD212C068E48002B3739 /* ProfilePresenter.swift in Sources */ = {isa = PBXBuildFile; fileRef = 4860CD202C068E48002B3739 /* ProfilePresenter.swift */; };
		4860CD3B2C069488002B3739 /* ProfileViewTests.swift in Sources */ = {isa = PBXBuildFile; fileRef = 4860CD292C06901C002B3739 /* ProfileViewTests.swift */; };
		4860CD3F2C06949E002B3739 /* ProfileViewControllerSpy.swift in Sources */ = {isa = PBXBuildFile; fileRef = 4860CD302C069077002B3739 /* ProfileViewControllerSpy.swift */; };
		4860CD402C0694AA002B3739 /* ProfilePresenterSpy.swift in Sources */ = {isa = PBXBuildFile; fileRef = 4860CD322C0690C9002B3739 /* ProfilePresenterSpy.swift */; };
		4860CD432C069511002B3739 /* ImagesListPresenter.swift in Sources */ = {isa = PBXBuildFile; fileRef = 4860CD412C069509002B3739 /* ImagesListPresenter.swift */; };
		4860CD562C06A60C002B3739 /* ImagesListTests.swift in Sources */ = {isa = PBXBuildFile; fileRef = 4860CD4A2C06A3EE002B3739 /* ImagesListTests.swift */; };
		4860CD592C06A635002B3739 /* ImagesListViewControllerSpy.swift in Sources */ = {isa = PBXBuildFile; fileRef = 4860CD512C06A44D002B3739 /* ImagesListViewControllerSpy.swift */; };
		4860CD5A2C06A639002B3739 /* ImagesListPresenterSpy.swift in Sources */ = {isa = PBXBuildFile; fileRef = 4860CD532C06A486002B3739 /* ImagesListPresenterSpy.swift */; };
		4860CD642C06A74D002B3739 /* ToleoUITestsLaunchTests.swift in Sources */ = {isa = PBXBuildFile; fileRef = 4860CD632C06A74D002B3739 /* ToleoUITestsLaunchTests.swift */; };
		4860CD6B2C06A7F6002B3739 /* ToleoUITests.swift in Sources */ = {isa = PBXBuildFile; fileRef = 4860CD612C06A74D002B3739 /* ToleoUITests.swift */; };
		48892BCF2BF339B2005F380D /* SwiftKeychainWrapper in Frameworks */ = {isa = PBXBuildFile; productRef = 48892BCE2BF339B2005F380D /* SwiftKeychainWrapper */; };
		48892BD22BF3A06C005F380D /* TabBarController.swift in Sources */ = {isa = PBXBuildFile; fileRef = 48892BD12BF3A06C005F380D /* TabBarController.swift */; };
		488963752B1CA04A00113C7D /* AuthViewController.swift in Sources */ = {isa = PBXBuildFile; fileRef = 488963742B1CA04A00113C7D /* AuthViewController.swift */; };
		488963772B1CA4E400113C7D /* WebViewViewController.swift in Sources */ = {isa = PBXBuildFile; fileRef = 488963762B1CA4E400113C7D /* WebViewViewController.swift */; };
		488963812B23AC7700113C7D /* OAuth2Service.swift in Sources */ = {isa = PBXBuildFile; fileRef = 488963802B23AC7700113C7D /* OAuth2Service.swift */; };
		488963832B247B7E00113C7D /* OAuth2TokenStorage.swift in Sources */ = {isa = PBXBuildFile; fileRef = 488963822B247B7E00113C7D /* OAuth2TokenStorage.swift */; };
		488963862B284A5300113C7D /* SplashViewController.swift in Sources */ = {isa = PBXBuildFile; fileRef = 488963852B284A5300113C7D /* SplashViewController.swift */; };
		488963892B30E75300113C7D /* OAuthTokenResponseBody.swift in Sources */ = {isa = PBXBuildFile; fileRef = 488963882B30E75300113C7D /* OAuthTokenResponseBody.swift */; };
		4889638B2B30ECA900113C7D /* Constants.swift in Sources */ = {isa = PBXBuildFile; fileRef = 4889638A2B30ECA900113C7D /* Constants.swift */; };
		4889638D2B30F02500113C7D /* NetworkError.swift in Sources */ = {isa = PBXBuildFile; fileRef = 4889638C2B30F02500113C7D /* NetworkError.swift */; };
		488963902B336B6000113C7D /* ProgressHUD in Frameworks */ = {isa = PBXBuildFile; productRef = 4889638F2B336B6000113C7D /* ProgressHUD */; };
		488963922B36224B00113C7D /* UIBlockingProgressHUD.swift in Sources */ = {isa = PBXBuildFile; fileRef = 488963912B36224B00113C7D /* UIBlockingProgressHUD.swift */; };
		48992ACF2AFBD9F500C48A5E /* ImagesListCell.swift in Sources */ = {isa = PBXBuildFile; fileRef = 48992ACE2AFBD9F500C48A5E /* ImagesListCell.swift */; };
		48BFD1DA2B5F0049007123AB /* URLExtensions.swift in Sources */ = {isa = PBXBuildFile; fileRef = 48BFD1D92B5F0049007123AB /* URLExtensions.swift */; };
		48C0207A2BF8021500CE873D /* ImagesListService.swift in Sources */ = {isa = PBXBuildFile; fileRef = 48C020792BF8021500CE873D /* ImagesListService.swift */; };
		48C0207C2BF802E900CE873D /* Photo.swift in Sources */ = {isa = PBXBuildFile; fileRef = 48C0207B2BF802E900CE873D /* Photo.swift */; };
		48C0207E2BF880E800CE873D /* PhotoResult.swift in Sources */ = {isa = PBXBuildFile; fileRef = 48C0207D2BF880E800CE873D /* PhotoResult.swift */; };
		48C020802BF881BE00CE873D /* UrlsResult.swift in Sources */ = {isa = PBXBuildFile; fileRef = 48C0207F2BF881BE00CE873D /* UrlsResult.swift */; };
		48C020832BF88E7C00CE873D /* DateExtensions.swift in Sources */ = {isa = PBXBuildFile; fileRef = 48C020822BF88E7C00CE873D /* DateExtensions.swift */; };
		48C139032AF6717100B5E9BE /* .gitignore in Resources */ = {isa = PBXBuildFile; fileRef = 48C139022AF6717100B5E9BE /* .gitignore */; };
		48CD7D8E2B380A1C000B0622 /* ProfileService.swift in Sources */ = {isa = PBXBuildFile; fileRef = 48CD7D8D2B380A1C000B0622 /* ProfileService.swift */; };
		48CD7D902B380A9B000B0622 /* ProfileResult.swift in Sources */ = {isa = PBXBuildFile; fileRef = 48CD7D8F2B380A9B000B0622 /* ProfileResult.swift */; };
		48CD7D922B380D91000B0622 /* Profile.swift in Sources */ = {isa = PBXBuildFile; fileRef = 48CD7D912B380D91000B0622 /* Profile.swift */; };
		48F7669E2B09F93B00EBAF42 /* SingleImageViewController.swift in Sources */ = {isa = PBXBuildFile; fileRef = 48F7669D2B09F93B00EBAF42 /* SingleImageViewController.swift */; };
/* End PBXBuildFile section */

/* Begin PBXContainerItemProxy section */
		4860CD142C067D2C002B3739 /* PBXContainerItemProxy */ = {
			isa = PBXContainerItemProxy;
			containerPortal = 4814B91F2AF4414E007B6C90 /* Project object */;
			proxyType = 1;
			remoteGlobalIDString = 4814B9262AF4414E007B6C90;
			remoteInfo = Toleo;
		};
		4860CD2B2C06901C002B3739 /* PBXContainerItemProxy */ = {
			isa = PBXContainerItemProxy;
			containerPortal = 4814B91F2AF4414E007B6C90 /* Project object */;
			proxyType = 1;
			remoteGlobalIDString = 4814B9262AF4414E007B6C90;
			remoteInfo = Toleo;
		};
		4860CD4C2C06A3EE002B3739 /* PBXContainerItemProxy */ = {
			isa = PBXContainerItemProxy;
			containerPortal = 4814B91F2AF4414E007B6C90 /* Project object */;
			proxyType = 1;
			remoteGlobalIDString = 4814B9262AF4414E007B6C90;
			remoteInfo = Toleo;
		};
		4860CD652C06A74D002B3739 /* PBXContainerItemProxy */ = {
			isa = PBXContainerItemProxy;
			containerPortal = 4814B91F2AF4414E007B6C90 /* Project object */;
			proxyType = 1;
			remoteGlobalIDString = 4814B9262AF4414E007B6C90;
			remoteInfo = Toleo;
		};
		48C0208C2BFA829100CE873D /* PBXContainerItemProxy */ = {
			isa = PBXContainerItemProxy;
			containerPortal = 4814B91F2AF4414E007B6C90 /* Project object */;
			proxyType = 1;
			remoteGlobalIDString = 4814B9262AF4414E007B6C90;
			remoteInfo = Toleo;
		};
/* End PBXContainerItemProxy section */

/* Begin PBXFileReference section */
		481184652BF1E81700E3E298 /* AlertService.swift */ = {isa = PBXFileReference; lastKnownFileType = sourcecode.swift; path = AlertService.swift; sourceTree = "<group>"; };
		4814B9272AF4414E007B6C90 /* Toleo.app */ = {isa = PBXFileReference; explicitFileType = wrapper.application; includeInIndex = 0; path = Toleo.app; sourceTree = BUILT_PRODUCTS_DIR; };
		4814B92A2AF4414E007B6C90 /* AppDelegate.swift */ = {isa = PBXFileReference; lastKnownFileType = sourcecode.swift; path = AppDelegate.swift; sourceTree = "<group>"; };
		4814B92C2AF4414E007B6C90 /* SceneDelegate.swift */ = {isa = PBXFileReference; lastKnownFileType = sourcecode.swift; path = SceneDelegate.swift; sourceTree = "<group>"; };
		4814B92E2AF4414E007B6C90 /* ImagesListViewController.swift */ = {isa = PBXFileReference; lastKnownFileType = sourcecode.swift; path = ImagesListViewController.swift; sourceTree = "<group>"; };
		4814B9312AF4414E007B6C90 /* Base */ = {isa = PBXFileReference; lastKnownFileType = file.storyboard; name = Base; path = Base.lproj/Main.storyboard; sourceTree = "<group>"; };
		4814B9332AF4414F007B6C90 /* Assets.xcassets */ = {isa = PBXFileReference; lastKnownFileType = folder.assetcatalog; path = Assets.xcassets; sourceTree = "<group>"; };
		4814B9362AF4414F007B6C90 /* Base */ = {isa = PBXFileReference; lastKnownFileType = file.storyboard; name = Base; path = Base.lproj/LaunchScreen.storyboard; sourceTree = "<group>"; };
		4814B9382AF4414F007B6C90 /* Info.plist */ = {isa = PBXFileReference; lastKnownFileType = text.plist.xml; path = Info.plist; sourceTree = "<group>"; };
		48175B532B71872400440CDE /* ProfileImageService.swift */ = {isa = PBXFileReference; lastKnownFileType = sourcecode.swift; path = ProfileImageService.swift; sourceTree = "<group>"; };
		481E7EC32B08DB7B008257A8 /* ProfileViewController.swift */ = {isa = PBXFileReference; lastKnownFileType = sourcecode.swift; path = ProfileViewController.swift; sourceTree = "<group>"; };
		485C72A42B0900D100CB5044 /* SF-Pro.ttf */ = {isa = PBXFileReference; lastKnownFileType = file; path = "SF-Pro.ttf"; sourceTree = "<group>"; };
		4860CD022C0535F6002B3739 /* WebViewPresenter.swift */ = {isa = PBXFileReference; lastKnownFileType = sourcecode.swift; path = WebViewPresenter.swift; sourceTree = "<group>"; };
		4860CD042C053AE4002B3739 /* AuthHelperProtocol.swift */ = {isa = PBXFileReference; lastKnownFileType = sourcecode.swift; path = AuthHelperProtocol.swift; sourceTree = "<group>"; };
		4860CD062C053B3F002B3739 /* AuthConfiguration.swift */ = {isa = PBXFileReference; lastKnownFileType = sourcecode.swift; path = AuthConfiguration.swift; sourceTree = "<group>"; };
		4860CD082C067978002B3739 /* AuthPresenter.swift */ = {isa = PBXFileReference; lastKnownFileType = sourcecode.swift; path = AuthPresenter.swift; sourceTree = "<group>"; };
		4860CD0A2C067A02002B3739 /* AuthScreenModel.swift */ = {isa = PBXFileReference; lastKnownFileType = sourcecode.swift; path = AuthScreenModel.swift; sourceTree = "<group>"; };
		4860CD102C067D2C002B3739 /* Toleo Tests.xctest */ = {isa = PBXFileReference; explicitFileType = wrapper.cfbundle; includeInIndex = 0; path = "Toleo Tests.xctest"; sourceTree = BUILT_PRODUCTS_DIR; };
		4860CD122C067D2C002B3739 /* WebViewTests.swift */ = {isa = PBXFileReference; lastKnownFileType = sourcecode.swift; path = WebViewTests.swift; sourceTree = "<group>"; };
		4860CD192C067E62002B3739 /* WebViewPresenterSpy.swift */ = {isa = PBXFileReference; lastKnownFileType = sourcecode.swift; path = WebViewPresenterSpy.swift; sourceTree = "<group>"; };
		4860CD1E2C06800D002B3739 /* WebViewViewControllerSpy.swift */ = {isa = PBXFileReference; lastKnownFileType = sourcecode.swift; path = WebViewViewControllerSpy.swift; sourceTree = "<group>"; };
		4860CD202C068E48002B3739 /* ProfilePresenter.swift */ = {isa = PBXFileReference; lastKnownFileType = sourcecode.swift; path = ProfilePresenter.swift; sourceTree = "<group>"; };
		4860CD272C06901C002B3739 /* ProfileViewTests.xctest */ = {isa = PBXFileReference; explicitFileType = wrapper.cfbundle; includeInIndex = 0; path = ProfileViewTests.xctest; sourceTree = BUILT_PRODUCTS_DIR; };
		4860CD292C06901C002B3739 /* ProfileViewTests.swift */ = {isa = PBXFileReference; lastKnownFileType = sourcecode.swift; path = ProfileViewTests.swift; sourceTree = "<group>"; };
		4860CD302C069077002B3739 /* ProfileViewControllerSpy.swift */ = {isa = PBXFileReference; lastKnownFileType = sourcecode.swift; path = ProfileViewControllerSpy.swift; sourceTree = "<group>"; };
		4860CD322C0690C9002B3739 /* ProfilePresenterSpy.swift */ = {isa = PBXFileReference; lastKnownFileType = sourcecode.swift; path = ProfilePresenterSpy.swift; sourceTree = "<group>"; };
		4860CD412C069509002B3739 /* ImagesListPresenter.swift */ = {isa = PBXFileReference; lastKnownFileType = sourcecode.swift; path = ImagesListPresenter.swift; sourceTree = "<group>"; };
		4860CD482C06A3EE002B3739 /* ImagesListTests.xctest */ = {isa = PBXFileReference; explicitFileType = wrapper.cfbundle; includeInIndex = 0; path = ImagesListTests.xctest; sourceTree = BUILT_PRODUCTS_DIR; };
		4860CD4A2C06A3EE002B3739 /* ImagesListTests.swift */ = {isa = PBXFileReference; lastKnownFileType = sourcecode.swift; path = ImagesListTests.swift; sourceTree = "<group>"; };
		4860CD512C06A44D002B3739 /* ImagesListViewControllerSpy.swift */ = {isa = PBXFileReference; lastKnownFileType = sourcecode.swift; path = ImagesListViewControllerSpy.swift; sourceTree = "<group>"; };
		4860CD532C06A486002B3739 /* ImagesListPresenterSpy.swift */ = {isa = PBXFileReference; lastKnownFileType = sourcecode.swift; path = ImagesListPresenterSpy.swift; sourceTree = "<group>"; };
		4860CD5F2C06A74D002B3739 /* ToleoUITests.xctest */ = {isa = PBXFileReference; explicitFileType = wrapper.cfbundle; includeInIndex = 0; path = ToleoUITests.xctest; sourceTree = BUILT_PRODUCTS_DIR; };
		4860CD612C06A74D002B3739 /* ToleoUITests.swift */ = {isa = PBXFileReference; lastKnownFileType = sourcecode.swift; path = ToleoUITests.swift; sourceTree = "<group>"; };
		4860CD632C06A74D002B3739 /* ToleoUITestsLaunchTests.swift */ = {isa = PBXFileReference; lastKnownFileType = sourcecode.swift; path = ToleoUITestsLaunchTests.swift; sourceTree = "<group>"; };
		48892BD12BF3A06C005F380D /* TabBarController.swift */ = {isa = PBXFileReference; lastKnownFileType = sourcecode.swift; path = TabBarController.swift; sourceTree = "<group>"; };
		488963742B1CA04A00113C7D /* AuthViewController.swift */ = {isa = PBXFileReference; lastKnownFileType = sourcecode.swift; path = AuthViewController.swift; sourceTree = "<group>"; };
		488963762B1CA4E400113C7D /* WebViewViewController.swift */ = {isa = PBXFileReference; lastKnownFileType = sourcecode.swift; path = WebViewViewController.swift; sourceTree = "<group>"; };
		488963802B23AC7700113C7D /* OAuth2Service.swift */ = {isa = PBXFileReference; lastKnownFileType = sourcecode.swift; path = OAuth2Service.swift; sourceTree = "<group>"; };
		488963822B247B7E00113C7D /* OAuth2TokenStorage.swift */ = {isa = PBXFileReference; lastKnownFileType = sourcecode.swift; path = OAuth2TokenStorage.swift; sourceTree = "<group>"; };
		488963852B284A5300113C7D /* SplashViewController.swift */ = {isa = PBXFileReference; lastKnownFileType = sourcecode.swift; path = SplashViewController.swift; sourceTree = "<group>"; };
		488963882B30E75300113C7D /* OAuthTokenResponseBody.swift */ = {isa = PBXFileReference; lastKnownFileType = sourcecode.swift; path = OAuthTokenResponseBody.swift; sourceTree = "<group>"; };
		4889638A2B30ECA900113C7D /* Constants.swift */ = {isa = PBXFileReference; lastKnownFileType = sourcecode.swift; path = Constants.swift; sourceTree = "<group>"; };
		4889638C2B30F02500113C7D /* NetworkError.swift */ = {isa = PBXFileReference; lastKnownFileType = sourcecode.swift; path = NetworkError.swift; sourceTree = "<group>"; };
		488963912B36224B00113C7D /* UIBlockingProgressHUD.swift */ = {isa = PBXFileReference; lastKnownFileType = sourcecode.swift; path = UIBlockingProgressHUD.swift; sourceTree = "<group>"; };
		48992ACE2AFBD9F500C48A5E /* ImagesListCell.swift */ = {isa = PBXFileReference; lastKnownFileType = sourcecode.swift; path = ImagesListCell.swift; sourceTree = "<group>"; };
		48BFD1D92B5F0049007123AB /* URLExtensions.swift */ = {isa = PBXFileReference; lastKnownFileType = sourcecode.swift; path = URLExtensions.swift; sourceTree = "<group>"; };
		48C020792BF8021500CE873D /* ImagesListService.swift */ = {isa = PBXFileReference; lastKnownFileType = sourcecode.swift; path = ImagesListService.swift; sourceTree = "<group>"; };
		48C0207B2BF802E900CE873D /* Photo.swift */ = {isa = PBXFileReference; lastKnownFileType = sourcecode.swift; path = Photo.swift; sourceTree = "<group>"; };
		48C0207D2BF880E800CE873D /* PhotoResult.swift */ = {isa = PBXFileReference; lastKnownFileType = sourcecode.swift; path = PhotoResult.swift; sourceTree = "<group>"; };
		48C0207F2BF881BE00CE873D /* UrlsResult.swift */ = {isa = PBXFileReference; lastKnownFileType = sourcecode.swift; path = UrlsResult.swift; sourceTree = "<group>"; };
		48C020822BF88E7C00CE873D /* DateExtensions.swift */ = {isa = PBXFileReference; lastKnownFileType = sourcecode.swift; path = DateExtensions.swift; sourceTree = "<group>"; };
		48C020882BFA829100CE873D /* ToleoTests.xctest */ = {isa = PBXFileReference; explicitFileType = wrapper.cfbundle; includeInIndex = 0; path = ToleoTests.xctest; sourceTree = BUILT_PRODUCTS_DIR; };
		48C139022AF6717100B5E9BE /* .gitignore */ = {isa = PBXFileReference; lastKnownFileType = text; path = .gitignore; sourceTree = "<group>"; };
		48CD7D8D2B380A1C000B0622 /* ProfileService.swift */ = {isa = PBXFileReference; lastKnownFileType = sourcecode.swift; path = ProfileService.swift; sourceTree = "<group>"; };
		48CD7D8F2B380A9B000B0622 /* ProfileResult.swift */ = {isa = PBXFileReference; lastKnownFileType = sourcecode.swift; path = ProfileResult.swift; sourceTree = "<group>"; };
		48CD7D912B380D91000B0622 /* Profile.swift */ = {isa = PBXFileReference; lastKnownFileType = sourcecode.swift; path = Profile.swift; sourceTree = "<group>"; };
		48F7669D2B09F93B00EBAF42 /* SingleImageViewController.swift */ = {isa = PBXFileReference; lastKnownFileType = sourcecode.swift; path = SingleImageViewController.swift; sourceTree = "<group>"; };
/* End PBXFileReference section */

/* Begin PBXFrameworksBuildPhase section */
		4814B9242AF4414E007B6C90 /* Frameworks */ = {
			isa = PBXFrameworksBuildPhase;
			buildActionMask = 2147483647;
			files = (
				481184692BF29D5600E3E298 /* Kingfisher in Frameworks */,
				488963902B336B6000113C7D /* ProgressHUD in Frameworks */,
				48892BCF2BF339B2005F380D /* SwiftKeychainWrapper in Frameworks */,
			);
			runOnlyForDeploymentPostprocessing = 0;
		};
		4860CD0D2C067D2C002B3739 /* Frameworks */ = {
			isa = PBXFrameworksBuildPhase;
			buildActionMask = 2147483647;
			files = (
			);
			runOnlyForDeploymentPostprocessing = 0;
		};
		4860CD242C06901C002B3739 /* Frameworks */ = {
			isa = PBXFrameworksBuildPhase;
			buildActionMask = 2147483647;
			files = (
			);
			runOnlyForDeploymentPostprocessing = 0;
		};
		4860CD452C06A3EE002B3739 /* Frameworks */ = {
			isa = PBXFrameworksBuildPhase;
			buildActionMask = 2147483647;
			files = (
			);
			runOnlyForDeploymentPostprocessing = 0;
		};
		4860CD5C2C06A74D002B3739 /* Frameworks */ = {
			isa = PBXFrameworksBuildPhase;
			buildActionMask = 2147483647;
			files = (
			);
			runOnlyForDeploymentPostprocessing = 0;
		};
		48C020852BFA829100CE873D /* Frameworks */ = {
			isa = PBXFrameworksBuildPhase;
			buildActionMask = 2147483647;
			files = (
			);
			runOnlyForDeploymentPostprocessing = 0;
		};
/* End PBXFrameworksBuildPhase section */

/* Begin PBXGroup section */
		4814B91E2AF4414E007B6C90 = {
			isa = PBXGroup;
			children = (
				48C139022AF6717100B5E9BE /* .gitignore */,
				4814B9292AF4414E007B6C90 /* Toleo */,
				4860CD112C067D2C002B3739 /* ToleoTests */,
				4860CD282C06901C002B3739 /* ProfileViewTests */,
				4860CD492C06A3EE002B3739 /* ImagesListTests */,
				4860CD602C06A74D002B3739 /* ToleoUITests */,
				4814B9282AF4414E007B6C90 /* Products */,
			);
			sourceTree = "<group>";
		};
		4814B9282AF4414E007B6C90 /* Products */ = {
			isa = PBXGroup;
			children = (
				4814B9272AF4414E007B6C90 /* Toleo.app */,
				48C020882BFA829100CE873D /* ToleoTests.xctest */,
				4860CD102C067D2C002B3739 /* Toleo Tests.xctest */,
				4860CD272C06901C002B3739 /* ProfileViewTests.xctest */,
				4860CD482C06A3EE002B3739 /* ImagesListTests.xctest */,
				4860CD5F2C06A74D002B3739 /* ToleoUITests.xctest */,
			);
			name = Products;
			sourceTree = "<group>";
		};
		4814B9292AF4414E007B6C90 /* Toleo */ = {
			isa = PBXGroup;
			children = (
				48C020812BF8854000CE873D /* Helpers */,
				48892BD02BF3A048005F380D /* TabBar */,
				488963872B30E70B00113C7D /* Models */,
				488963842B284A2900113C7D /* Splash */,
				4889637F2B23AC6300113C7D /* Services */,
				488963732B1CA02900113C7D /* OAuth */,
				48F7669C2B09F90F00EBAF42 /* SingleImage */,
				485C729D2B08FDCC00CB5044 /* Resources */,
				481E7EC02B08D8B8008257A8 /* Profile */,
				48992AD02AFBDA6700C48A5E /* ImagesList */,
				4814B92A2AF4414E007B6C90 /* AppDelegate.swift */,
				4814B92C2AF4414E007B6C90 /* SceneDelegate.swift */,
				4814B9302AF4414E007B6C90 /* Main.storyboard */,
				4814B9352AF4414F007B6C90 /* LaunchScreen.storyboard */,
			);
			path = Toleo;
			sourceTree = "<group>";
		};
		481E7EC02B08D8B8008257A8 /* Profile */ = {
			isa = PBXGroup;
			children = (
				481E7EC32B08DB7B008257A8 /* ProfileViewController.swift */,
				4860CD202C068E48002B3739 /* ProfilePresenter.swift */,
			);
			path = Profile;
			sourceTree = "<group>";
		};
		485C729D2B08FDCC00CB5044 /* Resources */ = {
			isa = PBXGroup;
			children = (
				485C72A42B0900D100CB5044 /* SF-Pro.ttf */,
				4814B9332AF4414F007B6C90 /* Assets.xcassets */,
				4814B9382AF4414F007B6C90 /* Info.plist */,
			);
			path = Resources;
			sourceTree = "<group>";
		};
		4860CD002C0531B5002B3739 /* Auth */ = {
			isa = PBXGroup;
			children = (
				488963822B247B7E00113C7D /* OAuth2TokenStorage.swift */,
				488963742B1CA04A00113C7D /* AuthViewController.swift */,
				4860CD082C067978002B3739 /* AuthPresenter.swift */,
				4860CD0A2C067A02002B3739 /* AuthScreenModel.swift */,
			);
			path = Auth;
			sourceTree = "<group>";
		};
		4860CD012C0531FC002B3739 /* WebView */ = {
			isa = PBXGroup;
			children = (
				488963762B1CA4E400113C7D /* WebViewViewController.swift */,
				4860CD022C0535F6002B3739 /* WebViewPresenter.swift */,
			);
			path = WebView;
			sourceTree = "<group>";
		};
		4860CD112C067D2C002B3739 /* ToleoTests */ = {
			isa = PBXGroup;
			children = (
				4860CD122C067D2C002B3739 /* WebViewTests.swift */,
				4860CD192C067E62002B3739 /* WebViewPresenterSpy.swift */,
				4860CD1E2C06800D002B3739 /* WebViewViewControllerSpy.swift */,
			);
			path = ToleoTests;
			sourceTree = "<group>";
		};
		4860CD282C06901C002B3739 /* ProfileViewTests */ = {
			isa = PBXGroup;
			children = (
				4860CD292C06901C002B3739 /* ProfileViewTests.swift */,
				4860CD302C069077002B3739 /* ProfileViewControllerSpy.swift */,
				4860CD322C0690C9002B3739 /* ProfilePresenterSpy.swift */,
			);
			path = ProfileViewTests;
			sourceTree = "<group>";
		};
		4860CD492C06A3EE002B3739 /* ImagesListTests */ = {
			isa = PBXGroup;
			children = (
				4860CD4A2C06A3EE002B3739 /* ImagesListTests.swift */,
				4860CD512C06A44D002B3739 /* ImagesListViewControllerSpy.swift */,
				4860CD532C06A486002B3739 /* ImagesListPresenterSpy.swift */,
			);
			path = ImagesListTests;
			sourceTree = "<group>";
		};
		4860CD602C06A74D002B3739 /* ToleoUITests */ = {
			isa = PBXGroup;
			children = (
				4860CD612C06A74D002B3739 /* ToleoUITests.swift */,
				4860CD632C06A74D002B3739 /* ToleoUITestsLaunchTests.swift */,
			);
			path = ToleoUITests;
			sourceTree = "<group>";
		};
		48892BD02BF3A048005F380D /* TabBar */ = {
			isa = PBXGroup;
			children = (
				48892BD12BF3A06C005F380D /* TabBarController.swift */,
			);
			path = TabBar;
			sourceTree = "<group>";
		};
		488963732B1CA02900113C7D /* OAuth */ = {
			isa = PBXGroup;
			children = (
				4860CD002C0531B5002B3739 /* Auth */,
				4860CD012C0531FC002B3739 /* WebView */,
			);
			path = OAuth;
			sourceTree = "<group>";
		};
		4889637F2B23AC6300113C7D /* Services */ = {
			isa = PBXGroup;
			children = (
				488963802B23AC7700113C7D /* OAuth2Service.swift */,
				48CD7D8D2B380A1C000B0622 /* ProfileService.swift */,
				48175B532B71872400440CDE /* ProfileImageService.swift */,
				48C020792BF8021500CE873D /* ImagesListService.swift */,
			);
			path = Services;
			sourceTree = "<group>";
		};
		488963842B284A2900113C7D /* Splash */ = {
			isa = PBXGroup;
			children = (
				488963852B284A5300113C7D /* SplashViewController.swift */,
			);
			path = Splash;
			sourceTree = "<group>";
		};
		488963872B30E70B00113C7D /* Models */ = {
			isa = PBXGroup;
			children = (
				488963882B30E75300113C7D /* OAuthTokenResponseBody.swift */,
				4889638A2B30ECA900113C7D /* Constants.swift */,
				4889638C2B30F02500113C7D /* NetworkError.swift */,
				48CD7D8F2B380A9B000B0622 /* ProfileResult.swift */,
				48CD7D912B380D91000B0622 /* Profile.swift */,
				48C0207B2BF802E900CE873D /* Photo.swift */,
				48C0207D2BF880E800CE873D /* PhotoResult.swift */,
				48C0207F2BF881BE00CE873D /* UrlsResult.swift */,
			);
			path = Models;
			sourceTree = "<group>";
		};
		48992AD02AFBDA6700C48A5E /* ImagesList */ = {
			isa = PBXGroup;
			children = (
				4814B92E2AF4414E007B6C90 /* ImagesListViewController.swift */,
				48992ACE2AFBD9F500C48A5E /* ImagesListCell.swift */,
				4860CD412C069509002B3739 /* ImagesListPresenter.swift */,
			);
			path = ImagesList;
			sourceTree = "<group>";
		};
		48C020812BF8854000CE873D /* Helpers */ = {
			isa = PBXGroup;
			children = (
				488963912B36224B00113C7D /* UIBlockingProgressHUD.swift */,
				48BFD1D92B5F0049007123AB /* URLExtensions.swift */,
				481184652BF1E81700E3E298 /* AlertService.swift */,
				48C020822BF88E7C00CE873D /* DateExtensions.swift */,
				4860CD042C053AE4002B3739 /* AuthHelperProtocol.swift */,
				4860CD062C053B3F002B3739 /* AuthConfiguration.swift */,
			);
			path = Helpers;
			sourceTree = "<group>";
		};
		48F7669C2B09F90F00EBAF42 /* SingleImage */ = {
			isa = PBXGroup;
			children = (
				48F7669D2B09F93B00EBAF42 /* SingleImageViewController.swift */,
			);
			path = SingleImage;
			sourceTree = "<group>";
		};
/* End PBXGroup section */

/* Begin PBXNativeTarget section */
		4814B9262AF4414E007B6C90 /* Toleo */ = {
			isa = PBXNativeTarget;
			buildConfigurationList = 4814B93B2AF4414F007B6C90 /* Build configuration list for PBXNativeTarget "Toleo" */;
			buildPhases = (
				4814B9232AF4414E007B6C90 /* Sources */,
				4814B9242AF4414E007B6C90 /* Frameworks */,
				4814B9252AF4414E007B6C90 /* Resources */,
			);
			buildRules = (
			);
			dependencies = (
			);
			name = Toleo;
			packageProductDependencies = (
				4889638F2B336B6000113C7D /* ProgressHUD */,
				481184682BF29D5600E3E298 /* Kingfisher */,
				48892BCE2BF339B2005F380D /* SwiftKeychainWrapper */,
			);
			productName = Toleo;
			productReference = 4814B9272AF4414E007B6C90 /* Toleo.app */;
			productType = "com.apple.product-type.application";
		};
		4860CD0F2C067D2C002B3739 /* Toleo Tests */ = {
			isa = PBXNativeTarget;
			buildConfigurationList = 4860CD162C067D2C002B3739 /* Build configuration list for PBXNativeTarget "Toleo Tests" */;
			buildPhases = (
				4860CD0C2C067D2C002B3739 /* Sources */,
				4860CD0D2C067D2C002B3739 /* Frameworks */,
				4860CD0E2C067D2C002B3739 /* Resources */,
			);
			buildRules = (
			);
			dependencies = (
				4860CD152C067D2C002B3739 /* PBXTargetDependency */,
			);
			name = "Toleo Tests";
			productName = "Toleo Tests";
			productReference = 4860CD102C067D2C002B3739 /* Toleo Tests.xctest */;
			productType = "com.apple.product-type.bundle.unit-test";
		};
		4860CD262C06901C002B3739 /* ProfileViewTests */ = {
			isa = PBXNativeTarget;
			buildConfigurationList = 4860CD2D2C06901C002B3739 /* Build configuration list for PBXNativeTarget "ProfileViewTests" */;
			buildPhases = (
				4860CD232C06901C002B3739 /* Sources */,
				4860CD242C06901C002B3739 /* Frameworks */,
				4860CD252C06901C002B3739 /* Resources */,
			);
			buildRules = (
			);
			dependencies = (
				4860CD2C2C06901C002B3739 /* PBXTargetDependency */,
			);
			name = ProfileViewTests;
			productName = ProfileViewTests;
			productReference = 4860CD272C06901C002B3739 /* ProfileViewTests.xctest */;
			productType = "com.apple.product-type.bundle.unit-test";
		};
		4860CD472C06A3EE002B3739 /* ImagesListTests */ = {
			isa = PBXNativeTarget;
			buildConfigurationList = 4860CD4E2C06A3EE002B3739 /* Build configuration list for PBXNativeTarget "ImagesListTests" */;
			buildPhases = (
				4860CD442C06A3EE002B3739 /* Sources */,
				4860CD452C06A3EE002B3739 /* Frameworks */,
				4860CD462C06A3EE002B3739 /* Resources */,
			);
			buildRules = (
			);
			dependencies = (
				4860CD4D2C06A3EE002B3739 /* PBXTargetDependency */,
			);
			name = ImagesListTests;
			productName = ImagesListTests;
			productReference = 4860CD482C06A3EE002B3739 /* ImagesListTests.xctest */;
			productType = "com.apple.product-type.bundle.unit-test";
		};
		4860CD5E2C06A74D002B3739 /* ToleoUITests */ = {
			isa = PBXNativeTarget;
			buildConfigurationList = 4860CD672C06A74D002B3739 /* Build configuration list for PBXNativeTarget "ToleoUITests" */;
			buildPhases = (
				4860CD5B2C06A74D002B3739 /* Sources */,
				4860CD5C2C06A74D002B3739 /* Frameworks */,
				4860CD5D2C06A74D002B3739 /* Resources */,
			);
			buildRules = (
			);
			dependencies = (
				4860CD662C06A74D002B3739 /* PBXTargetDependency */,
			);
			name = ToleoUITests;
			productName = ToleoUITests;
			productReference = 4860CD5F2C06A74D002B3739 /* ToleoUITests.xctest */;
			productType = "com.apple.product-type.bundle.ui-testing";
		};
		48C020872BFA829100CE873D /* ToleoTests */ = {
			isa = PBXNativeTarget;
			buildConfigurationList = 48C0208E2BFA829100CE873D /* Build configuration list for PBXNativeTarget "ToleoTests" */;
			buildPhases = (
				48C020842BFA829100CE873D /* Sources */,
				48C020852BFA829100CE873D /* Frameworks */,
				48C020862BFA829100CE873D /* Resources */,
			);
			buildRules = (
			);
			dependencies = (
				48C0208D2BFA829100CE873D /* PBXTargetDependency */,
			);
			name = ToleoTests;
			productName = ToleoTests;
			productReference = 48C020882BFA829100CE873D /* ToleoTests.xctest */;
			productType = "com.apple.product-type.bundle.unit-test";
		};
/* End PBXNativeTarget section */

/* Begin PBXProject section */
		4814B91F2AF4414E007B6C90 /* Project object */ = {
			isa = PBXProject;
			attributes = {
				BuildIndependentTargetsInParallel = 1;
				LastSwiftUpdateCheck = 1540;
				LastUpgradeCheck = 1500;
				TargetAttributes = {
					4814B9262AF4414E007B6C90 = {
						CreatedOnToolsVersion = 15.0.1;
					};
					4860CD0F2C067D2C002B3739 = {
						CreatedOnToolsVersion = 15.4;
						TestTargetID = 4814B9262AF4414E007B6C90;
					};
					4860CD262C06901C002B3739 = {
						CreatedOnToolsVersion = 15.4;
						TestTargetID = 4814B9262AF4414E007B6C90;
					};
					4860CD472C06A3EE002B3739 = {
						CreatedOnToolsVersion = 15.4;
						TestTargetID = 4814B9262AF4414E007B6C90;
					};
					4860CD5E2C06A74D002B3739 = {
						CreatedOnToolsVersion = 15.4;
						TestTargetID = 4814B9262AF4414E007B6C90;
					};
					48C020872BFA829100CE873D = {
						CreatedOnToolsVersion = 15.4;
						TestTargetID = 4814B9262AF4414E007B6C90;
					};
				};
			};
			buildConfigurationList = 4814B9222AF4414E007B6C90 /* Build configuration list for PBXProject "Toleo" */;
			compatibilityVersion = "Xcode 14.0";
			developmentRegion = en;
			hasScannedForEncodings = 0;
			knownRegions = (
				en,
				Base,
			);
			mainGroup = 4814B91E2AF4414E007B6C90;
			packageReferences = (
				4889638E2B336B6000113C7D /* XCRemoteSwiftPackageReference "ProgressHUD" */,
				481184672BF29D5600E3E298 /* XCRemoteSwiftPackageReference "Kingfisher" */,
				48892BCD2BF339B2005F380D /* XCRemoteSwiftPackageReference "SwiftKeychainWrapper" */,
			);
			productRefGroup = 4814B9282AF4414E007B6C90 /* Products */;
			projectDirPath = "";
			projectRoot = "";
			targets = (
				4814B9262AF4414E007B6C90 /* Toleo */,
				48C020872BFA829100CE873D /* ToleoTests */,
				4860CD0F2C067D2C002B3739 /* Toleo Tests */,
				4860CD262C06901C002B3739 /* ProfileViewTests */,
				4860CD472C06A3EE002B3739 /* ImagesListTests */,
				4860CD5E2C06A74D002B3739 /* ToleoUITests */,
			);
		};
/* End PBXProject section */

/* Begin PBXResourcesBuildPhase section */
		4814B9252AF4414E007B6C90 /* Resources */ = {
			isa = PBXResourcesBuildPhase;
			buildActionMask = 2147483647;
			files = (
				48C139032AF6717100B5E9BE /* .gitignore in Resources */,
				4814B9372AF4414F007B6C90 /* LaunchScreen.storyboard in Resources */,
				4814B9342AF4414F007B6C90 /* Assets.xcassets in Resources */,
				4814B9322AF4414E007B6C90 /* Main.storyboard in Resources */,
				485C72A52B0900D100CB5044 /* SF-Pro.ttf in Resources */,
			);
			runOnlyForDeploymentPostprocessing = 0;
		};
		4860CD0E2C067D2C002B3739 /* Resources */ = {
			isa = PBXResourcesBuildPhase;
			buildActionMask = 2147483647;
			files = (
			);
			runOnlyForDeploymentPostprocessing = 0;
		};
		4860CD252C06901C002B3739 /* Resources */ = {
			isa = PBXResourcesBuildPhase;
			buildActionMask = 2147483647;
			files = (
			);
			runOnlyForDeploymentPostprocessing = 0;
		};
		4860CD462C06A3EE002B3739 /* Resources */ = {
			isa = PBXResourcesBuildPhase;
			buildActionMask = 2147483647;
			files = (
			);
			runOnlyForDeploymentPostprocessing = 0;
		};
		4860CD5D2C06A74D002B3739 /* Resources */ = {
			isa = PBXResourcesBuildPhase;
			buildActionMask = 2147483647;
			files = (
			);
			runOnlyForDeploymentPostprocessing = 0;
		};
		48C020862BFA829100CE873D /* Resources */ = {
			isa = PBXResourcesBuildPhase;
			buildActionMask = 2147483647;
			files = (
			);
			runOnlyForDeploymentPostprocessing = 0;
		};
/* End PBXResourcesBuildPhase section */

/* Begin PBXSourcesBuildPhase section */
		4814B9232AF4414E007B6C90 /* Sources */ = {
			isa = PBXSourcesBuildPhase;
			buildActionMask = 2147483647;
			files = (
				4860CD092C067978002B3739 /* AuthPresenter.swift in Sources */,
				481184662BF1E81700E3E298 /* AlertService.swift in Sources */,
				48F7669E2B09F93B00EBAF42 /* SingleImageViewController.swift in Sources */,
				4860CD212C068E48002B3739 /* ProfilePresenter.swift in Sources */,
				4814B92F2AF4414E007B6C90 /* ImagesListViewController.swift in Sources */,
				48992ACF2AFBD9F500C48A5E /* ImagesListCell.swift in Sources */,
				488963922B36224B00113C7D /* UIBlockingProgressHUD.swift in Sources */,
				48892BD22BF3A06C005F380D /* TabBarController.swift in Sources */,
				48C020802BF881BE00CE873D /* UrlsResult.swift in Sources */,
				488963862B284A5300113C7D /* SplashViewController.swift in Sources */,
				481E7EC42B08DB7B008257A8 /* ProfileViewController.swift in Sources */,
				488963892B30E75300113C7D /* OAuthTokenResponseBody.swift in Sources */,
				48C0207C2BF802E900CE873D /* Photo.swift in Sources */,
				48CD7D8E2B380A1C000B0622 /* ProfileService.swift in Sources */,
				488963832B247B7E00113C7D /* OAuth2TokenStorage.swift in Sources */,
				488963812B23AC7700113C7D /* OAuth2Service.swift in Sources */,
				488963752B1CA04A00113C7D /* AuthViewController.swift in Sources */,
				48C0207A2BF8021500CE873D /* ImagesListService.swift in Sources */,
				4889638D2B30F02500113C7D /* NetworkError.swift in Sources */,
				4814B92B2AF4414E007B6C90 /* AppDelegate.swift in Sources */,
				4860CD0B2C067A02002B3739 /* AuthScreenModel.swift in Sources */,
				4860CD1F2C06800D002B3739 /* WebViewViewControllerSpy.swift in Sources */,
				4889638B2B30ECA900113C7D /* Constants.swift in Sources */,
				48175B542B71872400440CDE /* ProfileImageService.swift in Sources */,
				48C020832BF88E7C00CE873D /* DateExtensions.swift in Sources */,
				4860CD1C2C067F6A002B3739 /* WebViewPresenterSpy.swift in Sources */,
				4860CD072C053B3F002B3739 /* AuthConfiguration.swift in Sources */,
				4860CD032C0535F6002B3739 /* WebViewPresenter.swift in Sources */,
				4860CD052C053AE4002B3739 /* AuthHelperProtocol.swift in Sources */,
				488963772B1CA4E400113C7D /* WebViewViewController.swift in Sources */,
				48C0207E2BF880E800CE873D /* PhotoResult.swift in Sources */,
				48CD7D922B380D91000B0622 /* Profile.swift in Sources */,
				48BFD1DA2B5F0049007123AB /* URLExtensions.swift in Sources */,
				48CD7D902B380A9B000B0622 /* ProfileResult.swift in Sources */,
				4860CD432C069511002B3739 /* ImagesListPresenter.swift in Sources */,
				4814B92D2AF4414E007B6C90 /* SceneDelegate.swift in Sources */,
			);
			runOnlyForDeploymentPostprocessing = 0;
		};
		4860CD0C2C067D2C002B3739 /* Sources */ = {
			isa = PBXSourcesBuildPhase;
			buildActionMask = 2147483647;
			files = (
				4860CD3B2C069488002B3739 /* ProfileViewTests.swift in Sources */,
				4860CD6B2C06A7F6002B3739 /* ToleoUITests.swift in Sources */,
				4860CD5A2C06A639002B3739 /* ImagesListPresenterSpy.swift in Sources */,
				4860CD592C06A635002B3739 /* ImagesListViewControllerSpy.swift in Sources */,
				4860CD402C0694AA002B3739 /* ProfilePresenterSpy.swift in Sources */,
				4860CD132C067D2C002B3739 /* WebViewTests.swift in Sources */,
				4860CD3F2C06949E002B3739 /* ProfileViewControllerSpy.swift in Sources */,
				4860CD562C06A60C002B3739 /* ImagesListTests.swift in Sources */,
			);
			runOnlyForDeploymentPostprocessing = 0;
		};
		4860CD232C06901C002B3739 /* Sources */ = {
			isa = PBXSourcesBuildPhase;
			buildActionMask = 2147483647;
			files = (
			);
			runOnlyForDeploymentPostprocessing = 0;
		};
		4860CD442C06A3EE002B3739 /* Sources */ = {
			isa = PBXSourcesBuildPhase;
			buildActionMask = 2147483647;
			files = (
			);
			runOnlyForDeploymentPostprocessing = 0;
		};
		4860CD5B2C06A74D002B3739 /* Sources */ = {
			isa = PBXSourcesBuildPhase;
			buildActionMask = 2147483647;
			files = (
				4860CD642C06A74D002B3739 /* ToleoUITestsLaunchTests.swift in Sources */,
			);
			runOnlyForDeploymentPostprocessing = 0;
		};
		48C020842BFA829100CE873D /* Sources */ = {
			isa = PBXSourcesBuildPhase;
			buildActionMask = 2147483647;
			files = (
			);
			runOnlyForDeploymentPostprocessing = 0;
		};
/* End PBXSourcesBuildPhase section */

/* Begin PBXTargetDependency section */
		4860CD152C067D2C002B3739 /* PBXTargetDependency */ = {
			isa = PBXTargetDependency;
			target = 4814B9262AF4414E007B6C90 /* Toleo */;
			targetProxy = 4860CD142C067D2C002B3739 /* PBXContainerItemProxy */;
		};
		4860CD2C2C06901C002B3739 /* PBXTargetDependency */ = {
			isa = PBXTargetDependency;
			target = 4814B9262AF4414E007B6C90 /* Toleo */;
			targetProxy = 4860CD2B2C06901C002B3739 /* PBXContainerItemProxy */;
		};
		4860CD4D2C06A3EE002B3739 /* PBXTargetDependency */ = {
			isa = PBXTargetDependency;
			target = 4814B9262AF4414E007B6C90 /* Toleo */;
			targetProxy = 4860CD4C2C06A3EE002B3739 /* PBXContainerItemProxy */;
		};
		4860CD662C06A74D002B3739 /* PBXTargetDependency */ = {
			isa = PBXTargetDependency;
			target = 4814B9262AF4414E007B6C90 /* Toleo */;
			targetProxy = 4860CD652C06A74D002B3739 /* PBXContainerItemProxy */;
		};
		48C0208D2BFA829100CE873D /* PBXTargetDependency */ = {
			isa = PBXTargetDependency;
			target = 4814B9262AF4414E007B6C90 /* Toleo */;
			targetProxy = 48C0208C2BFA829100CE873D /* PBXContainerItemProxy */;
		};
/* End PBXTargetDependency section */

/* Begin PBXVariantGroup section */
		4814B9302AF4414E007B6C90 /* Main.storyboard */ = {
			isa = PBXVariantGroup;
			children = (
				4814B9312AF4414E007B6C90 /* Base */,
			);
			name = Main.storyboard;
			sourceTree = "<group>";
		};
		4814B9352AF4414F007B6C90 /* LaunchScreen.storyboard */ = {
			isa = PBXVariantGroup;
			children = (
				4814B9362AF4414F007B6C90 /* Base */,
			);
			name = LaunchScreen.storyboard;
			sourceTree = "<group>";
		};
/* End PBXVariantGroup section */

/* Begin XCBuildConfiguration section */
		4814B9392AF4414F007B6C90 /* Debug */ = {
			isa = XCBuildConfiguration;
			buildSettings = {
				ALWAYS_SEARCH_USER_PATHS = NO;
				ASSETCATALOG_COMPILER_GENERATE_SWIFT_ASSET_SYMBOL_EXTENSIONS = YES;
				CLANG_ANALYZER_NONNULL = YES;
				CLANG_ANALYZER_NUMBER_OBJECT_CONVERSION = YES_AGGRESSIVE;
				CLANG_CXX_LANGUAGE_STANDARD = "gnu++20";
				CLANG_ENABLE_MODULES = YES;
				CLANG_ENABLE_OBJC_ARC = YES;
				CLANG_ENABLE_OBJC_WEAK = YES;
				CLANG_WARN_BLOCK_CAPTURE_AUTORELEASING = YES;
				CLANG_WARN_BOOL_CONVERSION = YES;
				CLANG_WARN_COMMA = YES;
				CLANG_WARN_CONSTANT_CONVERSION = YES;
				CLANG_WARN_DEPRECATED_OBJC_IMPLEMENTATIONS = YES;
				CLANG_WARN_DIRECT_OBJC_ISA_USAGE = YES_ERROR;
				CLANG_WARN_DOCUMENTATION_COMMENTS = YES;
				CLANG_WARN_EMPTY_BODY = YES;
				CLANG_WARN_ENUM_CONVERSION = YES;
				CLANG_WARN_INFINITE_RECURSION = YES;
				CLANG_WARN_INT_CONVERSION = YES;
				CLANG_WARN_NON_LITERAL_NULL_CONVERSION = YES;
				CLANG_WARN_OBJC_IMPLICIT_RETAIN_SELF = YES;
				CLANG_WARN_OBJC_LITERAL_CONVERSION = YES;
				CLANG_WARN_OBJC_ROOT_CLASS = YES_ERROR;
				CLANG_WARN_QUOTED_INCLUDE_IN_FRAMEWORK_HEADER = YES;
				CLANG_WARN_RANGE_LOOP_ANALYSIS = YES;
				CLANG_WARN_STRICT_PROTOTYPES = YES;
				CLANG_WARN_SUSPICIOUS_MOVE = YES;
				CLANG_WARN_UNGUARDED_AVAILABILITY = YES_AGGRESSIVE;
				CLANG_WARN_UNREACHABLE_CODE = YES;
				CLANG_WARN__DUPLICATE_METHOD_MATCH = YES;
				COPY_PHASE_STRIP = NO;
				DEBUG_INFORMATION_FORMAT = dwarf;
				ENABLE_STRICT_OBJC_MSGSEND = YES;
				ENABLE_TESTABILITY = YES;
				ENABLE_USER_SCRIPT_SANDBOXING = YES;
				GCC_C_LANGUAGE_STANDARD = gnu17;
				GCC_DYNAMIC_NO_PIC = NO;
				GCC_NO_COMMON_BLOCKS = YES;
				GCC_OPTIMIZATION_LEVEL = 0;
				GCC_PREPROCESSOR_DEFINITIONS = (
					"DEBUG=1",
					"$(inherited)",
				);
				GCC_WARN_64_TO_32_BIT_CONVERSION = YES;
				GCC_WARN_ABOUT_RETURN_TYPE = YES_ERROR;
				GCC_WARN_UNDECLARED_SELECTOR = YES;
				GCC_WARN_UNINITIALIZED_AUTOS = YES_AGGRESSIVE;
				GCC_WARN_UNUSED_FUNCTION = YES;
				GCC_WARN_UNUSED_VARIABLE = YES;
				IPHONEOS_DEPLOYMENT_TARGET = 13.0;
				LOCALIZATION_PREFERS_STRING_CATALOGS = YES;
				MTL_ENABLE_DEBUG_INFO = INCLUDE_SOURCE;
				MTL_FAST_MATH = YES;
				ONLY_ACTIVE_ARCH = YES;
				SDKROOT = iphoneos;
				SWIFT_ACTIVE_COMPILATION_CONDITIONS = "DEBUG $(inherited)";
				SWIFT_OPTIMIZATION_LEVEL = "-Onone";
			};
			name = Debug;
		};
		4814B93A2AF4414F007B6C90 /* Release */ = {
			isa = XCBuildConfiguration;
			buildSettings = {
				ALWAYS_SEARCH_USER_PATHS = NO;
				ASSETCATALOG_COMPILER_GENERATE_SWIFT_ASSET_SYMBOL_EXTENSIONS = YES;
				CLANG_ANALYZER_NONNULL = YES;
				CLANG_ANALYZER_NUMBER_OBJECT_CONVERSION = YES_AGGRESSIVE;
				CLANG_CXX_LANGUAGE_STANDARD = "gnu++20";
				CLANG_ENABLE_MODULES = YES;
				CLANG_ENABLE_OBJC_ARC = YES;
				CLANG_ENABLE_OBJC_WEAK = YES;
				CLANG_WARN_BLOCK_CAPTURE_AUTORELEASING = YES;
				CLANG_WARN_BOOL_CONVERSION = YES;
				CLANG_WARN_COMMA = YES;
				CLANG_WARN_CONSTANT_CONVERSION = YES;
				CLANG_WARN_DEPRECATED_OBJC_IMPLEMENTATIONS = YES;
				CLANG_WARN_DIRECT_OBJC_ISA_USAGE = YES_ERROR;
				CLANG_WARN_DOCUMENTATION_COMMENTS = YES;
				CLANG_WARN_EMPTY_BODY = YES;
				CLANG_WARN_ENUM_CONVERSION = YES;
				CLANG_WARN_INFINITE_RECURSION = YES;
				CLANG_WARN_INT_CONVERSION = YES;
				CLANG_WARN_NON_LITERAL_NULL_CONVERSION = YES;
				CLANG_WARN_OBJC_IMPLICIT_RETAIN_SELF = YES;
				CLANG_WARN_OBJC_LITERAL_CONVERSION = YES;
				CLANG_WARN_OBJC_ROOT_CLASS = YES_ERROR;
				CLANG_WARN_QUOTED_INCLUDE_IN_FRAMEWORK_HEADER = YES;
				CLANG_WARN_RANGE_LOOP_ANALYSIS = YES;
				CLANG_WARN_STRICT_PROTOTYPES = YES;
				CLANG_WARN_SUSPICIOUS_MOVE = YES;
				CLANG_WARN_UNGUARDED_AVAILABILITY = YES_AGGRESSIVE;
				CLANG_WARN_UNREACHABLE_CODE = YES;
				CLANG_WARN__DUPLICATE_METHOD_MATCH = YES;
				COPY_PHASE_STRIP = NO;
				DEBUG_INFORMATION_FORMAT = "dwarf-with-dsym";
				ENABLE_NS_ASSERTIONS = NO;
				ENABLE_STRICT_OBJC_MSGSEND = YES;
				ENABLE_USER_SCRIPT_SANDBOXING = YES;
				GCC_C_LANGUAGE_STANDARD = gnu17;
				GCC_NO_COMMON_BLOCKS = YES;
				GCC_WARN_64_TO_32_BIT_CONVERSION = YES;
				GCC_WARN_ABOUT_RETURN_TYPE = YES_ERROR;
				GCC_WARN_UNDECLARED_SELECTOR = YES;
				GCC_WARN_UNINITIALIZED_AUTOS = YES_AGGRESSIVE;
				GCC_WARN_UNUSED_FUNCTION = YES;
				GCC_WARN_UNUSED_VARIABLE = YES;
				IPHONEOS_DEPLOYMENT_TARGET = 13.0;
				LOCALIZATION_PREFERS_STRING_CATALOGS = YES;
				MTL_ENABLE_DEBUG_INFO = NO;
				MTL_FAST_MATH = YES;
				SDKROOT = iphoneos;
				SWIFT_COMPILATION_MODE = wholemodule;
				VALIDATE_PRODUCT = YES;
			};
			name = Release;
		};
		4814B93C2AF4414F007B6C90 /* Debug */ = {
			isa = XCBuildConfiguration;
			buildSettings = {
				ASSETCATALOG_COMPILER_APPICON_NAME = AppIcon;
				ASSETCATALOG_COMPILER_GLOBAL_ACCENT_COLOR_NAME = AccentColor;
				CODE_SIGN_STYLE = Automatic;
				CURRENT_PROJECT_VERSION = 1;
				DEVELOPMENT_TEAM = WUB6FU39JB;
				GENERATE_INFOPLIST_FILE = YES;
				INFOPLIST_FILE = Toleo/Resources/Info.plist;
				INFOPLIST_KEY_UIApplicationSupportsIndirectInputEvents = YES;
				INFOPLIST_KEY_UILaunchStoryboardName = LaunchScreen;
				INFOPLIST_KEY_UIMainStoryboardFile = Main;
				INFOPLIST_KEY_UISupportedInterfaceOrientations_iPad = "UIInterfaceOrientationPortrait UIInterfaceOrientationPortraitUpsideDown UIInterfaceOrientationLandscapeLeft UIInterfaceOrientationLandscapeRight";
				INFOPLIST_KEY_UISupportedInterfaceOrientations_iPhone = UIInterfaceOrientationPortrait;
				IPHONEOS_DEPLOYMENT_TARGET = 13.0;
				LD_RUNPATH_SEARCH_PATHS = (
					"$(inherited)",
					"@executable_path/Frameworks",
				);
				MARKETING_VERSION = 1.0;
				PRODUCT_BUNDLE_IDENTIFIER = ru.postoyanstvo.Toleo;
				PRODUCT_NAME = "$(TARGET_NAME)";
				SUPPORTED_PLATFORMS = "iphoneos iphonesimulator";
				SUPPORTS_MACCATALYST = NO;
				SUPPORTS_MAC_DESIGNED_FOR_IPHONE_IPAD = NO;
				SWIFT_EMIT_LOC_STRINGS = YES;
				SWIFT_VERSION = 5.0;
				TARGETED_DEVICE_FAMILY = 1;
			};
			name = Debug;
		};
		4814B93D2AF4414F007B6C90 /* Release */ = {
			isa = XCBuildConfiguration;
			buildSettings = {
				ASSETCATALOG_COMPILER_APPICON_NAME = AppIcon;
				ASSETCATALOG_COMPILER_GLOBAL_ACCENT_COLOR_NAME = AccentColor;
				CODE_SIGN_STYLE = Automatic;
				CURRENT_PROJECT_VERSION = 1;
				DEVELOPMENT_TEAM = WUB6FU39JB;
				GENERATE_INFOPLIST_FILE = YES;
				INFOPLIST_FILE = Toleo/Resources/Info.plist;
				INFOPLIST_KEY_UIApplicationSupportsIndirectInputEvents = YES;
				INFOPLIST_KEY_UILaunchStoryboardName = LaunchScreen;
				INFOPLIST_KEY_UIMainStoryboardFile = Main;
				INFOPLIST_KEY_UISupportedInterfaceOrientations_iPad = "UIInterfaceOrientationPortrait UIInterfaceOrientationPortraitUpsideDown UIInterfaceOrientationLandscapeLeft UIInterfaceOrientationLandscapeRight";
				INFOPLIST_KEY_UISupportedInterfaceOrientations_iPhone = UIInterfaceOrientationPortrait;
				IPHONEOS_DEPLOYMENT_TARGET = 13.0;
				LD_RUNPATH_SEARCH_PATHS = (
					"$(inherited)",
					"@executable_path/Frameworks",
				);
				MARKETING_VERSION = 1.0;
				PRODUCT_BUNDLE_IDENTIFIER = ru.postoyanstvo.Toleo;
				PRODUCT_NAME = "$(TARGET_NAME)";
				SUPPORTED_PLATFORMS = "iphoneos iphonesimulator";
				SUPPORTS_MACCATALYST = NO;
				SUPPORTS_MAC_DESIGNED_FOR_IPHONE_IPAD = NO;
				SWIFT_EMIT_LOC_STRINGS = YES;
				SWIFT_VERSION = 5.0;
				TARGETED_DEVICE_FAMILY = 1;
			};
			name = Release;
		};
		4860CD172C067D2C002B3739 /* Debug */ = {
			isa = XCBuildConfiguration;
			buildSettings = {
				BUNDLE_LOADER = "$(TEST_HOST)";
				CODE_SIGN_STYLE = Automatic;
				CURRENT_PROJECT_VERSION = 1;
				DEVELOPMENT_TEAM = WUB6FU39JB;
				GENERATE_INFOPLIST_FILE = YES;
				IPHONEOS_DEPLOYMENT_TARGET = 17.5;
				MARKETING_VERSION = 1.0;
				PRODUCT_BUNDLE_IDENTIFIER = "ru.postoyanstvo.Toleo-Tests";
				PRODUCT_NAME = "$(TARGET_NAME)";
				SWIFT_EMIT_LOC_STRINGS = NO;
				SWIFT_VERSION = 5.0;
				TARGETED_DEVICE_FAMILY = "1,2";
				TEST_HOST = "$(BUILT_PRODUCTS_DIR)/Toleo.app/$(BUNDLE_EXECUTABLE_FOLDER_PATH)/Toleo";
			};
			name = Debug;
		};
		4860CD182C067D2C002B3739 /* Release */ = {
			isa = XCBuildConfiguration;
			buildSettings = {
				BUNDLE_LOADER = "$(TEST_HOST)";
				CODE_SIGN_STYLE = Automatic;
				CURRENT_PROJECT_VERSION = 1;
				DEVELOPMENT_TEAM = WUB6FU39JB;
				GENERATE_INFOPLIST_FILE = YES;
				IPHONEOS_DEPLOYMENT_TARGET = 17.5;
				MARKETING_VERSION = 1.0;
				PRODUCT_BUNDLE_IDENTIFIER = "ru.postoyanstvo.Toleo-Tests";
				PRODUCT_NAME = "$(TARGET_NAME)";
				SWIFT_EMIT_LOC_STRINGS = NO;
				SWIFT_VERSION = 5.0;
				TARGETED_DEVICE_FAMILY = "1,2";
				TEST_HOST = "$(BUILT_PRODUCTS_DIR)/Toleo.app/$(BUNDLE_EXECUTABLE_FOLDER_PATH)/Toleo";
			};
			name = Release;
		};
		4860CD2E2C06901C002B3739 /* Debug */ = {
			isa = XCBuildConfiguration;
			buildSettings = {
				BUNDLE_LOADER = "$(TEST_HOST)";
				CODE_SIGN_STYLE = Automatic;
				CURRENT_PROJECT_VERSION = 1;
				DEVELOPMENT_TEAM = WUB6FU39JB;
				GENERATE_INFOPLIST_FILE = YES;
				IPHONEOS_DEPLOYMENT_TARGET = 17.5;
				MARKETING_VERSION = 1.0;
				PRODUCT_BUNDLE_IDENTIFIER = ru.postoyanstvo.ProfileViewTests;
				PRODUCT_NAME = "$(TARGET_NAME)";
				SWIFT_EMIT_LOC_STRINGS = NO;
				SWIFT_VERSION = 5.0;
				TARGETED_DEVICE_FAMILY = "1,2";
				TEST_HOST = "$(BUILT_PRODUCTS_DIR)/Toleo.app/$(BUNDLE_EXECUTABLE_FOLDER_PATH)/Toleo";
			};
			name = Debug;
		};
		4860CD2F2C06901C002B3739 /* Release */ = {
			isa = XCBuildConfiguration;
			buildSettings = {
				BUNDLE_LOADER = "$(TEST_HOST)";
				CODE_SIGN_STYLE = Automatic;
				CURRENT_PROJECT_VERSION = 1;
				DEVELOPMENT_TEAM = WUB6FU39JB;
				GENERATE_INFOPLIST_FILE = YES;
				IPHONEOS_DEPLOYMENT_TARGET = 17.5;
				MARKETING_VERSION = 1.0;
				PRODUCT_BUNDLE_IDENTIFIER = ru.postoyanstvo.ProfileViewTests;
				PRODUCT_NAME = "$(TARGET_NAME)";
				SWIFT_EMIT_LOC_STRINGS = NO;
				SWIFT_VERSION = 5.0;
				TARGETED_DEVICE_FAMILY = "1,2";
				TEST_HOST = "$(BUILT_PRODUCTS_DIR)/Toleo.app/$(BUNDLE_EXECUTABLE_FOLDER_PATH)/Toleo";
			};
			name = Release;
		};
		4860CD4F2C06A3EE002B3739 /* Debug */ = {
			isa = XCBuildConfiguration;
			buildSettings = {
				BUNDLE_LOADER = "$(TEST_HOST)";
				CODE_SIGN_STYLE = Automatic;
				CURRENT_PROJECT_VERSION = 1;
				DEVELOPMENT_TEAM = WUB6FU39JB;
				GENERATE_INFOPLIST_FILE = YES;
				IPHONEOS_DEPLOYMENT_TARGET = 17.5;
				MARKETING_VERSION = 1.0;
				PRODUCT_BUNDLE_IDENTIFIER = ru.postoyanstvo.ImagesListTests;
				PRODUCT_NAME = "$(TARGET_NAME)";
				SWIFT_EMIT_LOC_STRINGS = NO;
				SWIFT_VERSION = 5.0;
				TARGETED_DEVICE_FAMILY = "1,2";
				TEST_HOST = "$(BUILT_PRODUCTS_DIR)/Toleo.app/$(BUNDLE_EXECUTABLE_FOLDER_PATH)/Toleo";
			};
			name = Debug;
		};
		4860CD502C06A3EE002B3739 /* Release */ = {
			isa = XCBuildConfiguration;
			buildSettings = {
				BUNDLE_LOADER = "$(TEST_HOST)";
				CODE_SIGN_STYLE = Automatic;
				CURRENT_PROJECT_VERSION = 1;
				DEVELOPMENT_TEAM = WUB6FU39JB;
				GENERATE_INFOPLIST_FILE = YES;
				IPHONEOS_DEPLOYMENT_TARGET = 17.5;
				MARKETING_VERSION = 1.0;
				PRODUCT_BUNDLE_IDENTIFIER = ru.postoyanstvo.ImagesListTests;
				PRODUCT_NAME = "$(TARGET_NAME)";
				SWIFT_EMIT_LOC_STRINGS = NO;
				SWIFT_VERSION = 5.0;
				TARGETED_DEVICE_FAMILY = "1,2";
				TEST_HOST = "$(BUILT_PRODUCTS_DIR)/Toleo.app/$(BUNDLE_EXECUTABLE_FOLDER_PATH)/Toleo";
			};
			name = Release;
		};
		4860CD682C06A74D002B3739 /* Debug */ = {
			isa = XCBuildConfiguration;
			buildSettings = {
				CODE_SIGN_STYLE = Automatic;
				CURRENT_PROJECT_VERSION = 1;
				DEVELOPMENT_TEAM = WUB6FU39JB;
				GENERATE_INFOPLIST_FILE = YES;
				IPHONEOS_DEPLOYMENT_TARGET = 17.5;
				MARKETING_VERSION = 1.0;
				PRODUCT_BUNDLE_IDENTIFIER = ru.postoyanstvo.ToleoUITests;
				PRODUCT_NAME = "$(TARGET_NAME)";
				SWIFT_EMIT_LOC_STRINGS = NO;
				SWIFT_VERSION = 5.0;
				TARGETED_DEVICE_FAMILY = "1,2";
				TEST_TARGET_NAME = Toleo;
			};
			name = Debug;
		};
		4860CD692C06A74D002B3739 /* Release */ = {
			isa = XCBuildConfiguration;
			buildSettings = {
				CODE_SIGN_STYLE = Automatic;
				CURRENT_PROJECT_VERSION = 1;
				DEVELOPMENT_TEAM = WUB6FU39JB;
				GENERATE_INFOPLIST_FILE = YES;
				IPHONEOS_DEPLOYMENT_TARGET = 17.5;
				MARKETING_VERSION = 1.0;
				PRODUCT_BUNDLE_IDENTIFIER = ru.postoyanstvo.ToleoUITests;
				PRODUCT_NAME = "$(TARGET_NAME)";
				SWIFT_EMIT_LOC_STRINGS = NO;
				SWIFT_VERSION = 5.0;
				TARGETED_DEVICE_FAMILY = "1,2";
				TEST_TARGET_NAME = Toleo;
			};
			name = Release;
		};
		48C0208F2BFA829100CE873D /* Debug */ = {
			isa = XCBuildConfiguration;
			buildSettings = {
				BUNDLE_LOADER = "$(TEST_HOST)";
				CODE_SIGN_STYLE = Automatic;
				CURRENT_PROJECT_VERSION = 1;
				DEVELOPMENT_TEAM = WUB6FU39JB;
				GENERATE_INFOPLIST_FILE = YES;
				IPHONEOS_DEPLOYMENT_TARGET = 17.5;
				MARKETING_VERSION = 1.0;
				PRODUCT_BUNDLE_IDENTIFIER = ru.postoyanstvo.ToleoTests;
				PRODUCT_NAME = "$(TARGET_NAME)";
				SWIFT_EMIT_LOC_STRINGS = NO;
				SWIFT_VERSION = 5.0;
				TARGETED_DEVICE_FAMILY = "1,2";
				TEST_HOST = "$(BUILT_PRODUCTS_DIR)/Toleo.app/$(BUNDLE_EXECUTABLE_FOLDER_PATH)/Toleo";
			};
			name = Debug;
		};
		48C020902BFA829100CE873D /* Release */ = {
			isa = XCBuildConfiguration;
			buildSettings = {
				BUNDLE_LOADER = "$(TEST_HOST)";
				CODE_SIGN_STYLE = Automatic;
				CURRENT_PROJECT_VERSION = 1;
				DEVELOPMENT_TEAM = WUB6FU39JB;
				GENERATE_INFOPLIST_FILE = YES;
				IPHONEOS_DEPLOYMENT_TARGET = 17.5;
				MARKETING_VERSION = 1.0;
				PRODUCT_BUNDLE_IDENTIFIER = ru.postoyanstvo.ToleoTests;
				PRODUCT_NAME = "$(TARGET_NAME)";
				SWIFT_EMIT_LOC_STRINGS = NO;
				SWIFT_VERSION = 5.0;
				TARGETED_DEVICE_FAMILY = "1,2";
				TEST_HOST = "$(BUILT_PRODUCTS_DIR)/Toleo.app/$(BUNDLE_EXECUTABLE_FOLDER_PATH)/Toleo";
			};
			name = Release;
		};
/* End XCBuildConfiguration section */

/* Begin XCConfigurationList section */
		4814B9222AF4414E007B6C90 /* Build configuration list for PBXProject "Toleo" */ = {
			isa = XCConfigurationList;
			buildConfigurations = (
				4814B9392AF4414F007B6C90 /* Debug */,
				4814B93A2AF4414F007B6C90 /* Release */,
			);
			defaultConfigurationIsVisible = 0;
			defaultConfigurationName = Release;
		};
		4814B93B2AF4414F007B6C90 /* Build configuration list for PBXNativeTarget "Toleo" */ = {
			isa = XCConfigurationList;
			buildConfigurations = (
				4814B93C2AF4414F007B6C90 /* Debug */,
				4814B93D2AF4414F007B6C90 /* Release */,
			);
			defaultConfigurationIsVisible = 0;
			defaultConfigurationName = Release;
		};
		4860CD162C067D2C002B3739 /* Build configuration list for PBXNativeTarget "Toleo Tests" */ = {
			isa = XCConfigurationList;
			buildConfigurations = (
				4860CD172C067D2C002B3739 /* Debug */,
				4860CD182C067D2C002B3739 /* Release */,
			);
			defaultConfigurationIsVisible = 0;
			defaultConfigurationName = Release;
		};
		4860CD2D2C06901C002B3739 /* Build configuration list for PBXNativeTarget "ProfileViewTests" */ = {
			isa = XCConfigurationList;
			buildConfigurations = (
				4860CD2E2C06901C002B3739 /* Debug */,
				4860CD2F2C06901C002B3739 /* Release */,
			);
			defaultConfigurationIsVisible = 0;
			defaultConfigurationName = Release;
		};
		4860CD4E2C06A3EE002B3739 /* Build configuration list for PBXNativeTarget "ImagesListTests" */ = {
			isa = XCConfigurationList;
			buildConfigurations = (
				4860CD4F2C06A3EE002B3739 /* Debug */,
				4860CD502C06A3EE002B3739 /* Release */,
			);
			defaultConfigurationIsVisible = 0;
			defaultConfigurationName = Release;
		};
		4860CD672C06A74D002B3739 /* Build configuration list for PBXNativeTarget "ToleoUITests" */ = {
			isa = XCConfigurationList;
			buildConfigurations = (
				4860CD682C06A74D002B3739 /* Debug */,
				4860CD692C06A74D002B3739 /* Release */,
			);
			defaultConfigurationIsVisible = 0;
			defaultConfigurationName = Release;
		};
		48C0208E2BFA829100CE873D /* Build configuration list for PBXNativeTarget "ToleoTests" */ = {
			isa = XCConfigurationList;
			buildConfigurations = (
				48C0208F2BFA829100CE873D /* Debug */,
				48C020902BFA829100CE873D /* Release */,
			);
			defaultConfigurationIsVisible = 0;
			defaultConfigurationName = Release;
		};
/* End XCConfigurationList section */

/* Begin XCRemoteSwiftPackageReference section */
		481184672BF29D5600E3E298 /* XCRemoteSwiftPackageReference "Kingfisher" */ = {
			isa = XCRemoteSwiftPackageReference;
			repositoryURL = "https://github.com/onevcat/Kingfisher";
			requirement = {
				kind = upToNextMajorVersion;
				minimumVersion = 7.11.0;
			};
		};
		48892BCD2BF339B2005F380D /* XCRemoteSwiftPackageReference "SwiftKeychainWrapper" */ = {
			isa = XCRemoteSwiftPackageReference;
			repositoryURL = "https://github.com/jrendel/SwiftKeychainWrapper";
			requirement = {
				kind = upToNextMajorVersion;
				minimumVersion = 4.0.1;
			};
		};
		4889638E2B336B6000113C7D /* XCRemoteSwiftPackageReference "ProgressHUD" */ = {
			isa = XCRemoteSwiftPackageReference;
			repositoryURL = "https://github.com/relatedcode/ProgressHUD";
			requirement = {
				kind = upToNextMajorVersion;
				minimumVersion = 14.1.0;
			};
		};
/* End XCRemoteSwiftPackageReference section */

/* Begin XCSwiftPackageProductDependency section */
		481184682BF29D5600E3E298 /* Kingfisher */ = {
			isa = XCSwiftPackageProductDependency;
			package = 481184672BF29D5600E3E298 /* XCRemoteSwiftPackageReference "Kingfisher" */;
			productName = Kingfisher;
		};
		48892BCE2BF339B2005F380D /* SwiftKeychainWrapper */ = {
			isa = XCSwiftPackageProductDependency;
			package = 48892BCD2BF339B2005F380D /* XCRemoteSwiftPackageReference "SwiftKeychainWrapper" */;
			productName = SwiftKeychainWrapper;
		};
		4889638F2B336B6000113C7D /* ProgressHUD */ = {
			isa = XCSwiftPackageProductDependency;
			package = 4889638E2B336B6000113C7D /* XCRemoteSwiftPackageReference "ProgressHUD" */;
			productName = ProgressHUD;
		};
/* End XCSwiftPackageProductDependency section */
	};
	rootObject = 4814B91F2AF4414E007B6C90 /* Project object */;
}
